// !$*UTF8*$!
{
	archiveVersion = 1;
	classes = {
	};
	objectVersion = 46;
	objects = {

/* Begin PBXBuildFile section */
		4386002E1E9F66240097711C /* AppDelegate.swift in Sources */ = {isa = PBXBuildFile; fileRef = 4386002D1E9F66240097711C /* AppDelegate.swift */; };
		438600301E9F66240097711C /* ViewController.swift in Sources */ = {isa = PBXBuildFile; fileRef = 4386002F1E9F66240097711C /* ViewController.swift */; };
		438600331E9F66240097711C /* Main.storyboard in Resources */ = {isa = PBXBuildFile; fileRef = 438600311E9F66240097711C /* Main.storyboard */; };
		438600361E9F66240097711C /* SecondTry.xcdatamodeld in Sources */ = {isa = PBXBuildFile; fileRef = 438600341E9F66240097711C /* SecondTry.xcdatamodeld */; };
		438600381E9F66240097711C /* Assets.xcassets in Resources */ = {isa = PBXBuildFile; fileRef = 438600371E9F66240097711C /* Assets.xcassets */; };
		4386003B1E9F66240097711C /* LaunchScreen.storyboard in Resources */ = {isa = PBXBuildFile; fileRef = 438600391E9F66240097711C /* LaunchScreen.storyboard */; };
		438600461E9F66240097711C /* SecondTryTests.swift in Sources */ = {isa = PBXBuildFile; fileRef = 438600451E9F66240097711C /* SecondTryTests.swift */; };
		438600511E9F66240097711C /* SecondTryUITests.swift in Sources */ = {isa = PBXBuildFile; fileRef = 438600501E9F66240097711C /* SecondTryUITests.swift */; };
/* End PBXBuildFile section */

/* Begin PBXContainerItemProxy section */
		438600421E9F66240097711C /* PBXContainerItemProxy */ = {
			isa = PBXContainerItemProxy;
			containerPortal = 438600221E9F66240097711C /* Project object */;
			proxyType = 1;
			remoteGlobalIDString = 438600291E9F66240097711C;
			remoteInfo = SecondTry;
		};
		4386004D1E9F66240097711C /* PBXContainerItemProxy */ = {
			isa = PBXContainerItemProxy;
			containerPortal = 438600221E9F66240097711C /* Project object */;
			proxyType = 1;
			remoteGlobalIDString = 438600291E9F66240097711C;
			remoteInfo = SecondTry;
		};
/* End PBXContainerItemProxy section */

/* Begin PBXFileReference section */
		4386002A1E9F66240097711C /* SecondTry.app */ = {isa = PBXFileReference; explicitFileType = wrapper.application; includeInIndex = 0; path = SecondTry.app; sourceTree = BUILT_PRODUCTS_DIR; };
		4386002D1E9F66240097711C /* AppDelegate.swift */ = {isa = PBXFileReference; lastKnownFileType = sourcecode.swift; path = AppDelegate.swift; sourceTree = "<group>"; };
		4386002F1E9F66240097711C /* ViewController.swift */ = {isa = PBXFileReference; lastKnownFileType = sourcecode.swift; path = ViewController.swift; sourceTree = "<group>"; };
		438600321E9F66240097711C /* Base */ = {isa = PBXFileReference; lastKnownFileType = file.storyboard; name = Base; path = Base.lproj/Main.storyboard; sourceTree = "<group>"; };
		438600351E9F66240097711C /* SecondTry.xcdatamodel */ = {isa = PBXFileReference; lastKnownFileType = wrapper.xcdatamodel; path = SecondTry.xcdatamodel; sourceTree = "<group>"; };
		438600371E9F66240097711C /* Assets.xcassets */ = {isa = PBXFileReference; lastKnownFileType = folder.assetcatalog; path = Assets.xcassets; sourceTree = "<group>"; };
		4386003A1E9F66240097711C /* Base */ = {isa = PBXFileReference; lastKnownFileType = file.storyboard; name = Base; path = Base.lproj/LaunchScreen.storyboard; sourceTree = "<group>"; };
		4386003C1E9F66240097711C /* Info.plist */ = {isa = PBXFileReference; lastKnownFileType = text.plist.xml; path = Info.plist; sourceTree = "<group>"; };
		438600411E9F66240097711C /* SecondTryTests.xctest */ = {isa = PBXFileReference; explicitFileType = wrapper.cfbundle; includeInIndex = 0; path = SecondTryTests.xctest; sourceTree = BUILT_PRODUCTS_DIR; };
		438600451E9F66240097711C /* SecondTryTests.swift */ = {isa = PBXFileReference; lastKnownFileType = sourcecode.swift; path = SecondTryTests.swift; sourceTree = "<group>"; };
		438600471E9F66240097711C /* Info.plist */ = {isa = PBXFileReference; lastKnownFileType = text.plist.xml; path = Info.plist; sourceTree = "<group>"; };
		4386004C1E9F66240097711C /* SecondTryUITests.xctest */ = {isa = PBXFileReference; explicitFileType = wrapper.cfbundle; includeInIndex = 0; path = SecondTryUITests.xctest; sourceTree = BUILT_PRODUCTS_DIR; };
		438600501E9F66240097711C /* SecondTryUITests.swift */ = {isa = PBXFileReference; lastKnownFileType = sourcecode.swift; path = SecondTryUITests.swift; sourceTree = "<group>"; };
		438600521E9F66240097711C /* Info.plist */ = {isa = PBXFileReference; lastKnownFileType = text.plist.xml; path = Info.plist; sourceTree = "<group>"; };
/* End PBXFileReference section */

/* Begin PBXFrameworksBuildPhase section */
		438600271E9F66240097711C /* Frameworks */ = {
			isa = PBXFrameworksBuildPhase;
			buildActionMask = 2147483647;
			files = (
			);
			runOnlyForDeploymentPostprocessing = 0;
		};
		4386003E1E9F66240097711C /* Frameworks */ = {
			isa = PBXFrameworksBuildPhase;
			buildActionMask = 2147483647;
			files = (
			);
			runOnlyForDeploymentPostprocessing = 0;
		};
		438600491E9F66240097711C /* Frameworks */ = {
			isa = PBXFrameworksBuildPhase;
			buildActionMask = 2147483647;
			files = (
			);
			runOnlyForDeploymentPostprocessing = 0;
		};
/* End PBXFrameworksBuildPhase section */

/* Begin PBXGroup section */
		438600211E9F66240097711C = {
			isa = PBXGroup;
			children = (
				4386002C1E9F66240097711C /* SecondTry */,
				438600441E9F66240097711C /* SecondTryTests */,
				4386004F1E9F66240097711C /* SecondTryUITests */,
				4386002B1E9F66240097711C /* Products */,
			);
			sourceTree = "<group>";
		};
		4386002B1E9F66240097711C /* Products */ = {
			isa = PBXGroup;
			children = (
				4386002A1E9F66240097711C /* SecondTry.app */,
				438600411E9F66240097711C /* SecondTryTests.xctest */,
				4386004C1E9F66240097711C /* SecondTryUITests.xctest */,
			);
			name = Products;
			sourceTree = "<group>";
		};
		4386002C1E9F66240097711C /* SecondTry */ = {
			isa = PBXGroup;
			children = (
				4386002D1E9F66240097711C /* AppDelegate.swift */,
				4386002F1E9F66240097711C /* ViewController.swift */,
				438600311E9F66240097711C /* Main.storyboard */,
				438600371E9F66240097711C /* Assets.xcassets */,
				438600391E9F66240097711C /* LaunchScreen.storyboard */,
				4386003C1E9F66240097711C /* Info.plist */,
				438600341E9F66240097711C /* SecondTry.xcdatamodeld */,
			);
			path = SecondTry;
			sourceTree = "<group>";
		};
		438600441E9F66240097711C /* SecondTryTests */ = {
			isa = PBXGroup;
			children = (
				438600451E9F66240097711C /* SecondTryTests.swift */,
				438600471E9F66240097711C /* Info.plist */,
			);
			path = SecondTryTests;
			sourceTree = "<group>";
		};
		4386004F1E9F66240097711C /* SecondTryUITests */ = {
			isa = PBXGroup;
			children = (
				438600501E9F66240097711C /* SecondTryUITests.swift */,
				438600521E9F66240097711C /* Info.plist */,
			);
			path = SecondTryUITests;
			sourceTree = "<group>";
		};
/* End PBXGroup section */

/* Begin PBXNativeTarget section */
		438600291E9F66240097711C /* SecondTry */ = {
			isa = PBXNativeTarget;
			buildConfigurationList = 438600551E9F66240097711C /* Build configuration list for PBXNativeTarget "SecondTry" */;
			buildPhases = (
				438600261E9F66240097711C /* Sources */,
				438600271E9F66240097711C /* Frameworks */,
				438600281E9F66240097711C /* Resources */,
			);
			buildRules = (
			);
			dependencies = (
			);
			name = SecondTry;
			productName = SecondTry;
			productReference = 4386002A1E9F66240097711C /* SecondTry.app */;
			productType = "com.apple.product-type.application";
		};
		438600401E9F66240097711C /* SecondTryTests */ = {
			isa = PBXNativeTarget;
			buildConfigurationList = 438600581E9F66240097711C /* Build configuration list for PBXNativeTarget "SecondTryTests" */;
			buildPhases = (
				4386003D1E9F66240097711C /* Sources */,
				4386003E1E9F66240097711C /* Frameworks */,
				4386003F1E9F66240097711C /* Resources */,
			);
			buildRules = (
			);
			dependencies = (
				438600431E9F66240097711C /* PBXTargetDependency */,
			);
			name = SecondTryTests;
			productName = SecondTryTests;
			productReference = 438600411E9F66240097711C /* SecondTryTests.xctest */;
			productType = "com.apple.product-type.bundle.unit-test";
		};
		4386004B1E9F66240097711C /* SecondTryUITests */ = {
			isa = PBXNativeTarget;
			buildConfigurationList = 4386005B1E9F66240097711C /* Build configuration list for PBXNativeTarget "SecondTryUITests" */;
			buildPhases = (
				438600481E9F66240097711C /* Sources */,
				438600491E9F66240097711C /* Frameworks */,
				4386004A1E9F66240097711C /* Resources */,
			);
			buildRules = (
			);
			dependencies = (
				4386004E1E9F66240097711C /* PBXTargetDependency */,
			);
			name = SecondTryUITests;
			productName = SecondTryUITests;
			productReference = 4386004C1E9F66240097711C /* SecondTryUITests.xctest */;
			productType = "com.apple.product-type.bundle.ui-testing";
		};
/* End PBXNativeTarget section */

/* Begin PBXProject section */
		438600221E9F66240097711C /* Project object */ = {
			isa = PBXProject;
			attributes = {
				LastSwiftUpdateCheck = 0830;
				LastUpgradeCheck = 0830;
				ORGANIZATIONNAME = Chengcheng;
				TargetAttributes = {
					438600291E9F66240097711C = {
						CreatedOnToolsVersion = 8.3.1;
						ProvisioningStyle = Automatic;
					};
					438600401E9F66240097711C = {
						CreatedOnToolsVersion = 8.3.1;
						ProvisioningStyle = Automatic;
						TestTargetID = 438600291E9F66240097711C;
					};
					4386004B1E9F66240097711C = {
						CreatedOnToolsVersion = 8.3.1;
						ProvisioningStyle = Automatic;
						TestTargetID = 438600291E9F66240097711C;
					};
				};
			};
			buildConfigurationList = 438600251E9F66240097711C /* Build configuration list for PBXProject "SecondTry" */;
			compatibilityVersion = "Xcode 3.2";
			developmentRegion = English;
			hasScannedForEncodings = 0;
			knownRegions = (
				en,
				Base,
			);
			mainGroup = 438600211E9F66240097711C;
			productRefGroup = 4386002B1E9F66240097711C /* Products */;
			projectDirPath = "";
			projectRoot = "";
			targets = (
				438600291E9F66240097711C /* SecondTry */,
				438600401E9F66240097711C /* SecondTryTests */,
				4386004B1E9F66240097711C /* SecondTryUITests */,
			);
		};
/* End PBXProject section */

/* Begin PBXResourcesBuildPhase section */
		438600281E9F66240097711C /* Resources */ = {
			isa = PBXResourcesBuildPhase;
			buildActionMask = 2147483647;
			files = (
				4386003B1E9F66240097711C /* LaunchScreen.storyboard in Resources */,
				438600381E9F66240097711C /* Assets.xcassets in Resources */,
				438600331E9F66240097711C /* Main.storyboard in Resources */,
			);
			runOnlyForDeploymentPostprocessing = 0;
		};
		4386003F1E9F66240097711C /* Resources */ = {
			isa = PBXResourcesBuildPhase;
			buildActionMask = 2147483647;
			files = (
			);
			runOnlyForDeploymentPostprocessing = 0;
		};
		4386004A1E9F66240097711C /* Resources */ = {
			isa = PBXResourcesBuildPhase;
			buildActionMask = 2147483647;
			files = (
			);
			runOnlyForDeploymentPostprocessing = 0;
		};
/* End PBXResourcesBuildPhase section */

/* Begin PBXSourcesBuildPhase section */
		438600261E9F66240097711C /* Sources */ = {
			isa = PBXSourcesBuildPhase;
			buildActionMask = 2147483647;
			files = (
				438600301E9F66240097711C /* ViewController.swift in Sources */,
				438600361E9F66240097711C /* SecondTry.xcdatamodeld in Sources */,
				4386002E1E9F66240097711C /* AppDelegate.swift in Sources */,
			);
			runOnlyForDeploymentPostprocessing = 0;
		};
		4386003D1E9F66240097711C /* Sources */ = {
			isa = PBXSourcesBuildPhase;
			buildActionMask = 2147483647;
			files = (
				438600461E9F66240097711C /* SecondTryTests.swift in Sources */,
			);
			runOnlyForDeploymentPostprocessing = 0;
		};
		438600481E9F66240097711C /* Sources */ = {
			isa = PBXSourcesBuildPhase;
			buildActionMask = 2147483647;
			files = (
				438600511E9F66240097711C /* SecondTryUITests.swift in Sources */,
			);
			runOnlyForDeploymentPostprocessing = 0;
		};
/* End PBXSourcesBuildPhase section */

/* Begin PBXTargetDependency section */
		438600431E9F66240097711C /* PBXTargetDependency */ = {
			isa = PBXTargetDependency;
			target = 438600291E9F66240097711C /* SecondTry */;
			targetProxy = 438600421E9F66240097711C /* PBXContainerItemProxy */;
		};
		4386004E1E9F66240097711C /* PBXTargetDependency */ = {
			isa = PBXTargetDependency;
			target = 438600291E9F66240097711C /* SecondTry */;
			targetProxy = 4386004D1E9F66240097711C /* PBXContainerItemProxy */;
		};
/* End PBXTargetDependency section */

/* Begin PBXVariantGroup section */
		438600311E9F66240097711C /* Main.storyboard */ = {
			isa = PBXVariantGroup;
			children = (
				438600321E9F66240097711C /* Base */,
			);
			name = Main.storyboard;
			sourceTree = "<group>";
		};
		438600391E9F66240097711C /* LaunchScreen.storyboard */ = {
			isa = PBXVariantGroup;
			children = (
				4386003A1E9F66240097711C /* Base */,
			);
			name = LaunchScreen.storyboard;
			sourceTree = "<group>";
		};
/* End PBXVariantGroup section */

/* Begin XCBuildConfiguration section */
		438600531E9F66240097711C /* Debug */ = {
			isa = XCBuildConfiguration;
			buildSettings = {
				ALWAYS_SEARCH_USER_PATHS = NO;
				CLANG_ANALYZER_NONNULL = YES;
				CLANG_ANALYZER_NUMBER_OBJECT_CONVERSION = YES_AGGRESSIVE;
				CLANG_CXX_LANGUAGE_STANDARD = "gnu++0x";
				CLANG_CXX_LIBRARY = "libc++";
				CLANG_ENABLE_MODULES = YES;
				CLANG_ENABLE_OBJC_ARC = YES;
				CLANG_WARN_BOOL_CONVERSION = YES;
				CLANG_WARN_CONSTANT_CONVERSION = YES;
				CLANG_WARN_DIRECT_OBJC_ISA_USAGE = YES_ERROR;
				CLANG_WARN_DOCUMENTATION_COMMENTS = YES;
				CLANG_WARN_EMPTY_BODY = YES;
				CLANG_WARN_ENUM_CONVERSION = YES;
				CLANG_WARN_INFINITE_RECURSION = YES;
				CLANG_WARN_INT_CONVERSION = YES;
				CLANG_WARN_OBJC_ROOT_CLASS = YES_ERROR;
				CLANG_WARN_SUSPICIOUS_MOVE = YES;
				CLANG_WARN_UNREACHABLE_CODE = YES;
				CLANG_WARN__DUPLICATE_METHOD_MATCH = YES;
				"CODE_SIGN_IDENTITY[sdk=iphoneos*]" = "iPhone Developer";
				COPY_PHASE_STRIP = NO;
				DEBUG_INFORMATION_FORMAT = dwarf;
				ENABLE_STRICT_OBJC_MSGSEND = YES;
				ENABLE_TESTABILITY = YES;
				GCC_C_LANGUAGE_STANDARD = gnu99;
				GCC_DYNAMIC_NO_PIC = NO;
				GCC_NO_COMMON_BLOCKS = YES;
				GCC_OPTIMIZATION_LEVEL = 0;
				GCC_PREPROCESSOR_DEFINITIONS = (
					"DEBUG=1",
					"$(inherited)",
				);
				GCC_WARN_64_TO_32_BIT_CONVERSION = YES;
				GCC_WARN_ABOUT_RETURN_TYPE = YES_ERROR;
				GCC_WARN_UNDECLARED_SELECTOR = YES;
				GCC_WARN_UNINITIALIZED_AUTOS = YES_AGGRESSIVE;
				GCC_WARN_UNUSED_FUNCTION = YES;
				GCC_WARN_UNUSED_VARIABLE = YES;
				IPHONEOS_DEPLOYMENT_TARGET = 10.3;
				MTL_ENABLE_DEBUG_INFO = YES;
				ONLY_ACTIVE_ARCH = YES;
				SDKROOT = iphoneos;
				SWIFT_ACTIVE_COMPILATION_CONDITIONS = DEBUG;
				SWIFT_OPTIMIZATION_LEVEL = "-Onone";
				TARGETED_DEVICE_FAMILY = "1,2";
			};
			name = Debug;
		};
		438600541E9F66240097711C /* Release */ = {
			isa = XCBuildConfiguration;
			buildSettings = {
				ALWAYS_SEARCH_USER_PATHS = NO;
				CLANG_ANALYZER_NONNULL = YES;
				CLANG_ANALYZER_NUMBER_OBJECT_CONVERSION = YES_AGGRESSIVE;
				CLANG_CXX_LANGUAGE_STANDARD = "gnu++0x";
				CLANG_CXX_LIBRARY = "libc++";
				CLANG_ENABLE_MODULES = YES;
				CLANG_ENABLE_OBJC_ARC = YES;
				CLANG_WARN_BOOL_CONVERSION = YES;
				CLANG_WARN_CONSTANT_CONVERSION = YES;
				CLANG_WARN_DIRECT_OBJC_ISA_USAGE = YES_ERROR;
				CLANG_WARN_DOCUMENTATION_COMMENTS = YES;
				CLANG_WARN_EMPTY_BODY = YES;
				CLANG_WARN_ENUM_CONVERSION = YES;
				CLANG_WARN_INFINITE_RECURSION = YES;
				CLANG_WARN_INT_CONVERSION = YES;
				CLANG_WARN_OBJC_ROOT_CLASS = YES_ERROR;
				CLANG_WARN_SUSPICIOUS_MOVE = YES;
				CLANG_WARN_UNREACHABLE_CODE = YES;
				CLANG_WARN__DUPLICATE_METHOD_MATCH = YES;
				"CODE_SIGN_IDENTITY[sdk=iphoneos*]" = "iPhone Developer";
				COPY_PHASE_STRIP = NO;
				DEBUG_INFORMATION_FORMAT = "dwarf-with-dsym";
				ENABLE_NS_ASSERTIONS = NO;
				ENABLE_STRICT_OBJC_MSGSEND = YES;
				GCC_C_LANGUAGE_STANDARD = gnu99;
				GCC_NO_COMMON_BLOCKS = YES;
				GCC_WARN_64_TO_32_BIT_CONVERSION = YES;
				GCC_WARN_ABOUT_RETURN_TYPE = YES_ERROR;
				GCC_WARN_UNDECLARED_SELECTOR = YES;
				GCC_WARN_UNINITIALIZED_AUTOS = YES_AGGRESSIVE;
				GCC_WARN_UNUSED_FUNCTION = YES;
				GCC_WARN_UNUSED_VARIABLE = YES;
				IPHONEOS_DEPLOYMENT_TARGET = 10.3;
				MTL_ENABLE_DEBUG_INFO = NO;
				SDKROOT = iphoneos;
				SWIFT_OPTIMIZATION_LEVEL = "-Owholemodule";
				TARGETED_DEVICE_FAMILY = "1,2";
				VALIDATE_PRODUCT = YES;
			};
			name = Release;
		};
		438600561E9F66240097711C /* Debug */ = {
			isa = XCBuildConfiguration;
			buildSettings = {
				ASSETCATALOG_COMPILER_APPICON_NAME = AppIcon;
				INFOPLIST_FILE = SecondTry/Info.plist;
				LD_RUNPATH_SEARCH_PATHS = "$(inherited) @executable_path/Frameworks";
				PRODUCT_BUNDLE_IDENTIFIER = lcc.SecondTry;
				PRODUCT_NAME = "$(TARGET_NAME)";
				SWIFT_VERSION = 3.0;
			};
			name = Debug;
		};
		438600571E9F66240097711C /* Release */ = {
			isa = XCBuildConfiguration;
			buildSettings = {
				ASSETCATALOG_COMPILER_APPICON_NAME = AppIcon;
				INFOPLIST_FILE = SecondTry/Info.plist;
				LD_RUNPATH_SEARCH_PATHS = "$(inherited) @executable_path/Frameworks";
				PRODUCT_BUNDLE_IDENTIFIER = lcc.SecondTry;
				PRODUCT_NAME = "$(TARGET_NAME)";
				SWIFT_VERSION = 3.0;
			};
			name = Release;
		};
		438600591E9F66240097711C /* Debug */ = {
			isa = XCBuildConfiguration;
			buildSettings = {
				ALWAYS_EMBED_SWIFT_STANDARD_LIBRARIES = YES;
				BUNDLE_LOADER = "$(TEST_HOST)";
				INFOPLIST_FILE = SecondTryTests/Info.plist;
				LD_RUNPATH_SEARCH_PATHS = "$(inherited) @executable_path/Frameworks @loader_path/Frameworks";
				PRODUCT_BUNDLE_IDENTIFIER = lcc.SecondTryTests;
				PRODUCT_NAME = "$(TARGET_NAME)";
				SWIFT_VERSION = 3.0;
				TEST_HOST = "$(BUILT_PRODUCTS_DIR)/SecondTry.app/SecondTry";
			};
			name = Debug;
		};
		4386005A1E9F66240097711C /* Release */ = {
			isa = XCBuildConfiguration;
			buildSettings = {
				ALWAYS_EMBED_SWIFT_STANDARD_LIBRARIES = YES;
				BUNDLE_LOADER = "$(TEST_HOST)";
				INFOPLIST_FILE = SecondTryTests/Info.plist;
				LD_RUNPATH_SEARCH_PATHS = "$(inherited) @executable_path/Frameworks @loader_path/Frameworks";
				PRODUCT_BUNDLE_IDENTIFIER = lcc.SecondTryTests;
				PRODUCT_NAME = "$(TARGET_NAME)";
				SWIFT_VERSION = 3.0;
				TEST_HOST = "$(BUILT_PRODUCTS_DIR)/SecondTry.app/SecondTry";
			};
			name = Release;
		};
		4386005C1E9F66240097711C /* Debug */ = {
			isa = XCBuildConfiguration;
			buildSettings = {
				ALWAYS_EMBED_SWIFT_STANDARD_LIBRARIES = YES;
				INFOPLIST_FILE = SecondTryUITests/Info.plist;
				LD_RUNPATH_SEARCH_PATHS = "$(inherited) @executable_path/Frameworks @loader_path/Frameworks";
				PRODUCT_BUNDLE_IDENTIFIER = lcc.SecondTryUITests;
				PRODUCT_NAME = "$(TARGET_NAME)";
				SWIFT_VERSION = 3.0;
				TEST_TARGET_NAME = SecondTry;
			};
			name = Debug;
		};
		4386005D1E9F66240097711C /* Release */ = {
			isa = XCBuildConfiguration;
			buildSettings = {
				ALWAYS_EMBED_SWIFT_STANDARD_LIBRARIES = YES;
				INFOPLIST_FILE = SecondTryUITests/Info.plist;
				LD_RUNPATH_SEARCH_PATHS = "$(inherited) @executable_path/Frameworks @loader_path/Frameworks";
				PRODUCT_BUNDLE_IDENTIFIER = lcc.SecondTryUITests;
				PRODUCT_NAME = "$(TARGET_NAME)";
				SWIFT_VERSION = 3.0;
				TEST_TARGET_NAME = SecondTry;
			};
			name = Release;
		};
/* End XCBuildConfiguration section */

/* Begin XCConfigurationList section */
		438600251E9F66240097711C /* Build configuration list for PBXProject "SecondTry" */ = {
			isa = XCConfigurationList;
			buildConfigurations = (
				438600531E9F66240097711C /* Debug */,
				438600541E9F66240097711C /* Release */,
			);
			defaultConfigurationIsVisible = 0;
			defaultConfigurationName = Release;
		};
		438600551E9F66240097711C /* Build configuration list for PBXNativeTarget "SecondTry" */ = {
			isa = XCConfigurationList;
			buildConfigurations = (
				438600561E9F66240097711C /* Debug */,
				438600571E9F66240097711C /* Release */,
			);
			defaultConfigurationIsVisible = 0;
		};
		438600581E9F66240097711C /* Build configuration list for PBXNativeTarget "SecondTryTests" */ = {
			isa = XCConfigurationList;
			buildConfigurations = (
				438600591E9F66240097711C /* Debug */,
				4386005A1E9F66240097711C /* Release */,
			);
			defaultConfigurationIsVisible = 0;
		};
		4386005B1E9F66240097711C /* Build configuration list for PBXNativeTarget "SecondTryUITests" */ = {
			isa = XCConfigurationList;
			buildConfigurations = (
				4386005C1E9F66240097711C /* Debug */,
				4386005D1E9F66240097711C /* Release */,
			);
			defaultConfigurationIsVisible = 0;
		};
/* End XCConfigurationList section */

/* Begin XCVersionGroup section */
		438600341E9F66240097711C /* SecondTry.xcdatamodeld */ = {
			isa = XCVersionGroup;
			children = (
				438600351E9F66240097711C /* SecondTry.xcdatamodel */,
			);
			currentVersion = 438600351E9F66240097711C /* SecondTry.xcdatamodel */;
			path = SecondTry.xcdatamodeld;
			sourceTree = "<group>";
			versionGroupType = wrapper.xcdatamodel;
		};
/* End XCVersionGroup section */
	};
	rootObject = 438600221E9F66240097711C /* Project object */;
}
